
Microsoft Visual Studio Solution File, Format Version 12.00
# Visual Studio Version 17
VisualStudioVersion = 17.6.33801.468
MinimumVisualStudioVersion = 10.0.40219.1
Project("{FAE04EC0-301F-11D3-BF4B-00C04F79EFBC}") = "04.variableNula", "04.variableNula\04.variableNula.csproj", "{8C19A7A9-CB70-491C-A7F4-8E6ECD815AD0}"
EndProject
Global
	GlobalSection(SolutionConfigurationPlatforms) = preSolution
		Debug|Any CPU = Debug|Any CPU
		Release|Any CPU = Release|Any CPU
	EndGlobalSection
	GlobalSection(ProjectConfigurationPlatforms) = postSolution
		{8C19A7A9-CB70-491C-A7F4-8E6ECD815AD0}.Debug|Any CPU.ActiveCfg = Debug|Any CPU
		{8C19A7A9-CB70-491C-A7F4-8E6ECD815AD0}.Debug|Any CPU.Build.0 = Debug|Any CPU
		{8C19A7A9-CB70-491C-A7F4-8E6ECD815AD0}.Release|Any CPU.ActiveCfg = Release|Any CPU
		{8C19A7A9-CB70-491C-A7F4-8E6ECD815AD0}.Release|Any CPU.Build.0 = Release|Any CPU
	EndGlobalSection
	GlobalSection(SolutionProperties) = preSolution
		HideSolutionNode = FALSE
	EndGlobalSection
	GlobalSection(ExtensibilityGlobals) = postSolution
		SolutionGuid = {BC78C106-3626-408E-9AFF-25A80C31B9C2}
	EndGlobalSection
EndGlobal
