
Microsoft Visual Studio Solution File, Format Version 12.00
# Visual Studio Version 17
VisualStudioVersion = 17.6.33801.468
MinimumVisualStudioVersion = 10.0.40219.1
Project("{FAE04EC0-301F-11D3-BF4B-00C04F79EFBC}") = "04.areaRectangulo", "04.areaRectangulo\04.areaRectangulo.csproj", "{966EF1C4-735F-449F-A81D-C02F047C52F7}"
EndProject
Global
	GlobalSection(SolutionConfigurationPlatforms) = preSolution
		Debug|Any CPU = Debug|Any CPU
		Release|Any CPU = Release|Any CPU
	EndGlobalSection
	GlobalSection(ProjectConfigurationPlatforms) = postSolution
		{966EF1C4-735F-449F-A81D-C02F047C52F7}.Debug|Any CPU.ActiveCfg = Debug|Any CPU
		{966EF1C4-735F-449F-A81D-C02F047C52F7}.Debug|Any CPU.Build.0 = Debug|Any CPU
		{966EF1C4-735F-449F-A81D-C02F047C52F7}.Release|Any CPU.ActiveCfg = Release|Any CPU
		{966EF1C4-735F-449F-A81D-C02F047C52F7}.Release|Any CPU.Build.0 = Release|Any CPU
	EndGlobalSection
	GlobalSection(SolutionProperties) = preSolution
		HideSolutionNode = FALSE
	EndGlobalSection
	GlobalSection(ExtensibilityGlobals) = postSolution
		SolutionGuid = {D64AF262-C6BD-4982-AF98-E4F59739053D}
	EndGlobalSection
EndGlobal
